<?xml version="1.0" encoding="utf-8"?>
<Project ToolsVersion="4.0" xmlns="http://schemas.microsoft.com/developer/msbuild/2003">
  <ItemGroup>
    <Filter Include="Source Files">
      <UniqueIdentifier>{4FC737F1-C7A5-4376-A066-2A32D752A2FF}</UniqueIdentifier>
      <Extensions>cpp;c;cc;cxx;c++;cppm;ixx;def;odl;idl;hpj;bat;asm;asmx</Extensions>
    </Filter>
    <Filter Include="Header Files">
      <UniqueIdentifier>{93995380-89BD-4b04-88EB-625FBE52EBFB}</UniqueIdentifier>
      <Extensions>h;hh;hpp;hxx;h++;hm;inl;inc;ipp;xsd</Extensions>
    </Filter>
    <Filter Include="Resource Files">
      <UniqueIdentifier>{67DA6AB6-F800-4c08-8B7A-83BB121AAD01}</UniqueIdentifier>
      <Extensions>rc;ico;cur;bmp;dlg;rc2;rct;bin;rgs;gif;jpg;jpeg;jpe;resx;tiff;tif;png;wav;mfcribbon-ms</Extensions>
    </Filter>
  </ItemGroup>
  <ItemGroup>
    <ClCompile Include="main.cpp">
      <Filter>Source Files</Filter>
    </ClCompile>
    <ClCompile Include="App.cpp">
      <Filter>Source Files</Filter>
    </ClCompile>
    <ClCompile Include="MenuStage.cpp">
      <Filter>Source Files</Filter>
    </ClCompile>
    <ClCompile Include="GameplayStage.cpp">
      <Filter>Source Files</Filter>
    </ClCompile>
    <ClCompile Include="ExitStage.cpp">
      <Filter>Source Files</Filter>
    </ClCompile>
    <ClCompile Include="GameStage.cpp">
      <Filter>Source Files</Filter>
    </ClCompile>
    <ClCompile Include="EcsGameplay.cpp">
      <Filter>Source Files</Filter>
    </ClCompile>
    <ClCompile Include="DrawSystem.cpp">
      <Filter>Source Files</Filter>
    </ClCompile>
    <ClCompile Include="MoveSystem.cpp">
      <Filter>Source Files</Filter>
    </ClCompile>
    <ClCompile Include="AnimateSystem.cpp">
      <Filter>Source Files</Filter>
    </ClCompile>
    <ClCompile Include="Animated.cpp">
      <Filter>Source Files</Filter>
    </ClCompile>
    <ClCompile Include="CollisionSystem.cpp">
      <Filter>Source Files</Filter>
    </ClCompile>
    <ClCompile Include="ExplosionSystem.cpp">
      <Filter>Source Files</Filter>
    </ClCompile>
  </ItemGroup>
  <ItemGroup>
    <ClInclude Include="App.hpp">
      <Filter>Header Files</Filter>
    </ClInclude>
    <ClInclude Include="ResourceManager.hpp">
      <Filter>Header Files</Filter>
    </ClInclude>
    <ClInclude Include="MenuStage.hpp">
      <Filter>Header Files</Filter>
    </ClInclude>
    <ClInclude Include="GameplayStage.hpp">
      <Filter>Header Files</Filter>
    </ClInclude>
    <ClInclude Include="ExitStage.hpp">
      <Filter>Header Files</Filter>
    </ClInclude>
    <ClInclude Include="GameStage.hpp">
      <Filter>Header Files</Filter>
    </ClInclude>
    <ClInclude Include="ResourceHolder.hpp">
      <Filter>Header Files</Filter>
    </ClInclude>
    <ClInclude Include="ResourceID.hpp">
      <Filter>Header Files</Filter>
    </ClInclude>
    <ClInclude Include="EcsGameplay.hpp">
      <Filter>Header Files</Filter>
    </ClInclude>
    <ClInclude Include="DrawSystem.hpp">
      <Filter>Header Files</Filter>
    </ClInclude>
    <ClInclude Include="MoveSystem.hpp">
      <Filter>Header Files</Filter>
    </ClInclude>
    <ClInclude Include="IGameStage.hpp">
      <Filter>Header Files</Filter>
    </ClInclude>
    <ClInclude Include="Drawable.hpp">
      <Filter>Header Files</Filter>
    </ClInclude>
    <ClInclude Include="Transformable.hpp">
      <Filter>Header Files</Filter>
    </ClInclude>
    <ClInclude Include="Movable.hpp">
      <Filter>Header Files</Filter>
    </ClInclude>
    <ClInclude Include="AnimateSystem.hpp">
      <Filter>Header Files</Filter>
    </ClInclude>
    <ClInclude Include="Animated.hpp">
      <Filter>Header Files</Filter>
    </ClInclude>
    <ClInclude Include="MoveChangeEvent.hpp">
      <Filter>Header Files</Filter>
    </ClInclude>
    <ClInclude Include="Constants.hpp">
      <Filter>Header Files</Filter>
    </ClInclude>
    <ClInclude Include="CollisionSystem.hpp">
      <Filter>Header Files</Filter>
    </ClInclude>
    <ClInclude Include="Collidable.hpp">
      <Filter>Header Files</Filter>
    </ClInclude>
    <ClInclude Include="Player.hpp">
      <Filter>Header Files</Filter>
    </ClInclude>
    <ClInclude Include="Tile.hpp">
      <Filter>Header Files</Filter>
    </ClInclude>
    <ClInclude Include="Map.hpp">
      <Filter>Header Files</Filter>
    </ClInclude>
    <ClInclude Include="ExplosionSystem.hpp">
      <Filter>Header Files</Filter>
    </ClInclude>
    <ClInclude Include="SpawnBombEvent.hpp">
      <Filter>Header Files</Filter>
    </ClInclude>
    <ClInclude Include="Direction.hpp">
      <Filter>Header Files</Filter>
    </ClInclude>
    <ClInclude Include="Bomb.hpp">
      <Filter>Header Files</Filter>
    </ClInclude>
    <ClInclude Include="Flame.hpp">
      <Filter>Header Files</Filter>
    </ClInclude>
  </ItemGroup>
</Project>